github.com/Rakiiii/goBetterSlice v0.0.1 h1:ldWpMQjuu/bEEttcRpCpo4YjU1sVubhYBzqZWxOQbG4=
github.com/Rakiiii/goBetterSlice v0.0.1/go.mod h1:hz4Haj/jOZ0poSjfcfKVPr8uACWEy00gJCEogElzep4=
github.com/Rakiiii/goBipartitonLocalSearch v0.5.5/go.mod h1:pk2c62DBilpxilTjpbaAjbyIOC2YOCKO2CW0/R1fP1A=
github.com/Rakiiii/goBipartitonLocalSearch v0.6.0 h1:Fpk8+nLzKC8jfwCcXD3rkUbuoEJRRCMegNBKF19/je8=
github.com/Rakiiii/goBipartitonLocalSearch v0.6.0/go.mod h1:N2ib0miM5DK5uC9ANKQzizIudwI64iRUsF3Hv8fwGA8=
github.com/Rakiiii/goBipartitonLocalSearch v0.6.1 h1:JAeMzt0bFdSyOhdsatjp0n9A9u89+c+ByIJWf2IwTLU=
github.com/Rakiiii/goBipartitonLocalSearch v0.6.1/go.mod h1:ZWX+BawZNrTzYn60f5AZLXIW7rIS5K6gDg0cbnzByQg=
github.com/Rakiiii/goCoarseningGraphLib v0.1.2/go.mod h1:68JYfqvNFQ4e2dihqR0Ud+fW+Jd1py1qvPjYDQ8ij70=
github.com/Rakiiii/goGraph v0.3.1 h1:KzwaZu5ljzS607b6jS2BttNwixFn3WUQj1cqD4v1J8M=
github.com/Rakiiii/goGraph v0.3.1/go.mod h1:KvIo/2YIIHJOCeMhZrVkymK9s2PSsjUJ3zh0EOEy1yU=
github.com/Rakiiii/goGraph v0.3.2 h1:m0ehCEeo5FeqFprkLkgk+daGjOZgsKIBP8ztf1TkeI8=
github.com/Rakiiii/goGraph v0.3.2/go.mod h1:KvIo/2YIIHJOCeMhZrVkymK9s2PSsjUJ3zh0EOEy1yU=
github.com/Rakiiii/goPair v0.0.2/go.mod h1:Jjb6f/SlM8GV5ySxvfySDs8UCOjtx5CJtmUoffpLD9I=
github.com/Rakiiii/goPair v0.0.3 h1:96VjJnyvRpueXMZdnZ5HDOJdFO3mNOpCYsxTzIdpq8M=
github.com/Rakiiii/goPair v0.0.3/go.mod h1:Jjb6f/SlM8GV5ySxvfySDs8UCOjtx5CJtmUoffpLD9I=
github.com/Rakiiii/goSort v0.0.3 h1:s2wswcUQWi1d24UOPJ+w2YgmDHa9bDXn46JOi0dI1D0=
github.com/Rakiiii/goSort v0.0.3/go.mod h1:ir50upjpORk43rGVd9Kt43JRoCWmtWiLmqEKnmO3EPw=
github.com/Rakiiii/goTuple v0.0.3 h1:4NyV0GzKmNbq1i8TeMFFXYieqzKZ7nJ226GA37xKYj8=
github.com/Rakiiii/goTuple v0.0.3/go.mod h1:Rd9At49hIzWGStrhTKHdtZZOSY6z6w6kMEJFfRja3Uw=
